
Microsoft Visual Studio Solution File, Format Version 12.00
# Visual Studio Version 16
VisualStudioVersion = 16.0.33130.400
MinimumVisualStudioVersion = 10.0.40219.1
Project("{FAE04EC0-301F-11D3-BF4B-00C04F79EFBC}") = "HttpClient", "HttpClient\HttpClient.csproj", "{C0662A8A-03EB-4F74-9BF0-CBB90A62EBEC}"
EndProject
Global
	GlobalSection(SolutionConfigurationPlatforms) = preSolution
		Debug|Any CPU = Debug|Any CPU
		Release|Any CPU = Release|Any CPU
	EndGlobalSection
	GlobalSection(ProjectConfigurationPlatforms) = postSolution
		{C0662A8A-03EB-4F74-9BF0-CBB90A62EBEC}.Debug|Any CPU.ActiveCfg = Debug|Any CPU
		{C0662A8A-03EB-4F74-9BF0-CBB90A62EBEC}.Debug|Any CPU.Build.0 = Debug|Any CPU
		{C0662A8A-03EB-4F74-9BF0-CBB90A62EBEC}.Release|Any CPU.ActiveCfg = Release|Any CPU
		{C0662A8A-03EB-4F74-9BF0-CBB90A62EBEC}.Release|Any CPU.Build.0 = Release|Any CPU
	EndGlobalSection
	GlobalSection(SolutionProperties) = preSolution
		HideSolutionNode = FALSE
	EndGlobalSection
	GlobalSection(ExtensibilityGlobals) = postSolution
		SolutionGuid = {ABD2BB3D-D5B1-402D-9B83-08F543D750AE}
	EndGlobalSection
EndGlobal
